github.com/zalgonoise/cfg v1.0.0 h1:clcY7XrNtp6tkLycyDSSq72mmxXv08jJtfpiE5fKwR8=
github.com/zalgonoise/cfg v1.0.0/go.mod h1:DQcS1/7atS+KAvDgA3DE0rFXsTWSV0/B8tbX7ZbqDog=
github.com/zalgonoise/cur v0.0.0-20221228011751-cdba7832420f h1:E8Jhx3jt20u6OZ9CNgoz/h1OfuxinQDashwlA0/yxOk=
github.com/zalgonoise/cur v0.0.0-20221228011751-cdba7832420f/go.mod h1:nCikzsmXk+xXZS7tk0Q4wA6H5rYMqopV8C5dM0DuUeE=
github.com/zalgonoise/gio v0.0.0-20221231224511-990149dd48ad h1:rv93oyGpIyLYOzo8HFjBtpHejlnPagQjqU/mAPoMLmI=
github.com/zalgonoise/gio v0.0.0-20221231224511-990149dd48ad/go.mod h1:nhc82H2KvRf8/28o3RGBnJM/k7NapcDGPegqGIOqATY=
github.com/zalgonoise/lex v0.0.0-20230210133743-771cae9540b7 h1:0oKoHdbDXnujmZWNVoDfLlNE1PLB/SYqWkTN19x0sYw=
github.com/zalgonoise/lex v0.0.0-20230210133743-771cae9540b7/go.mod h1:iX2pTl/kiQb7RVQvS/8WgnzcVWG0igsGhwObKvnwjfU=
github.com/zalgonoise/parse v0.0.0-20230205181257-0ceebea8442c h1:RdPk18SfKNETQekk/TyzvUGBbPEp3UcnbBbI6R+SZso=
github.com/zalgonoise/parse v0.0.0-20230205181257-0ceebea8442c/go.mod h1:qjsAgDilaLVnrstcyrgm0MEbL147du4hO24LfYEiMqI=
